
Microsoft Visual Studio Solution File, Format Version 12.00
# Visual Studio Version 16
VisualStudioVersion = 16.0.31624.102
MinimumVisualStudioVersion = 10.0.40219.1
Project("{9A19103F-16F7-4668-BE54-9A1E7A4F7556}") = "BlazorSensorAppNet5.Server", "BlazorSensorAppNet5\Server\BlazorSensorAppNet5.Server.csproj", "{7CB0CCAD-CF43-4798-9762-CD077892DF6A}"
EndProject
Project("{9A19103F-16F7-4668-BE54-9A1E7A4F7556}") = "BlazorSensorAppNet5.Client", "BlazorSensorAppNet5\Client\BlazorSensorAppNet5.Client.csproj", "{0627C757-7146-4175-8A25-B4A437533C5A}"
EndProject
Project("{9A19103F-16F7-4668-BE54-9A1E7A4F7556}") = "BlazorSensorAppNet5.Shared", "BlazorSensorAppNet5\Shared\BlazorSensorAppNet5.Shared.csproj", "{59F7DAF6-4B39-4535-B125-7BC22F9D6D06}"
EndProject
Project("{9A19103F-16F7-4668-BE54-9A1E7A4F7556}") = "SerialBlazor", "BlazorSensorAppNet5\Serail2Blazor\SerialBlazor.csproj", "{FD291519-8770-4389-875F-151873BA2450}"
EndProject
Project("{9A19103F-16F7-4668-BE54-9A1E7A4F7556}") = "ReadD2cMessagesBlaz", "M:\Users\DavidJones\source\repos\AzureIoToolboxwithBlazor\Quickstarts\ReadD2cMessagesBlaz\ReadD2cMessagesBlaz.csproj", "{BA348857-627A-4D0D-8F00-2454069AE704}"
EndProject
Project("{9A19103F-16F7-4668-BE54-9A1E7A4F7556}") = "BlazorSensorAppNet5.SharedDNC", "BlazorSensorAppNet5\Shared -DNC\BlazorSensorAppNet5.SharedDNC.csproj", "{986696EA-888C-4895-9167-AB02DDDEB433}"
EndProject
Global
	GlobalSection(SolutionConfigurationPlatforms) = preSolution
		Debug|Any CPU = Debug|Any CPU
		Release|Any CPU = Release|Any CPU
	EndGlobalSection
	GlobalSection(ProjectConfigurationPlatforms) = postSolution
		{7CB0CCAD-CF43-4798-9762-CD077892DF6A}.Debug|Any CPU.ActiveCfg = Debug|Any CPU
		{7CB0CCAD-CF43-4798-9762-CD077892DF6A}.Debug|Any CPU.Build.0 = Debug|Any CPU
		{7CB0CCAD-CF43-4798-9762-CD077892DF6A}.Release|Any CPU.ActiveCfg = Release|Any CPU
		{7CB0CCAD-CF43-4798-9762-CD077892DF6A}.Release|Any CPU.Build.0 = Release|Any CPU
		{0627C757-7146-4175-8A25-B4A437533C5A}.Debug|Any CPU.ActiveCfg = Debug|Any CPU
		{0627C757-7146-4175-8A25-B4A437533C5A}.Debug|Any CPU.Build.0 = Debug|Any CPU
		{0627C757-7146-4175-8A25-B4A437533C5A}.Release|Any CPU.ActiveCfg = Release|Any CPU
		{0627C757-7146-4175-8A25-B4A437533C5A}.Release|Any CPU.Build.0 = Release|Any CPU
		{59F7DAF6-4B39-4535-B125-7BC22F9D6D06}.Debug|Any CPU.ActiveCfg = Debug|Any CPU
		{59F7DAF6-4B39-4535-B125-7BC22F9D6D06}.Debug|Any CPU.Build.0 = Debug|Any CPU
		{59F7DAF6-4B39-4535-B125-7BC22F9D6D06}.Release|Any CPU.ActiveCfg = Release|Any CPU
		{59F7DAF6-4B39-4535-B125-7BC22F9D6D06}.Release|Any CPU.Build.0 = Release|Any CPU
		{FD291519-8770-4389-875F-151873BA2450}.Debug|Any CPU.ActiveCfg = Debug|Any CPU
		{FD291519-8770-4389-875F-151873BA2450}.Debug|Any CPU.Build.0 = Debug|Any CPU
		{FD291519-8770-4389-875F-151873BA2450}.Release|Any CPU.ActiveCfg = Release|Any CPU
		{FD291519-8770-4389-875F-151873BA2450}.Release|Any CPU.Build.0 = Release|Any CPU
		{BA348857-627A-4D0D-8F00-2454069AE704}.Debug|Any CPU.ActiveCfg = Debug|Any CPU
		{BA348857-627A-4D0D-8F00-2454069AE704}.Debug|Any CPU.Build.0 = Debug|Any CPU
		{BA348857-627A-4D0D-8F00-2454069AE704}.Release|Any CPU.ActiveCfg = Release|Any CPU
		{BA348857-627A-4D0D-8F00-2454069AE704}.Release|Any CPU.Build.0 = Release|Any CPU
		{986696EA-888C-4895-9167-AB02DDDEB433}.Debug|Any CPU.ActiveCfg = Debug|Any CPU
		{986696EA-888C-4895-9167-AB02DDDEB433}.Debug|Any CPU.Build.0 = Debug|Any CPU
		{986696EA-888C-4895-9167-AB02DDDEB433}.Release|Any CPU.ActiveCfg = Release|Any CPU
		{986696EA-888C-4895-9167-AB02DDDEB433}.Release|Any CPU.Build.0 = Release|Any CPU
	EndGlobalSection
	GlobalSection(SolutionProperties) = preSolution
		HideSolutionNode = FALSE
	EndGlobalSection
	GlobalSection(ExtensibilityGlobals) = postSolution
		SolutionGuid = {D7F1522F-A694-46EE-BF80-1C6E94E0A256}
	EndGlobalSection
EndGlobal
